{
  "nodes": {
    "fenix": {
      "inputs": {
        "nixpkgs": [
          "nixpkgs"
        ],
        "rust-analyzer-src": "rust-analyzer-src"
      },
      "locked": {
        "lastModified": 1674973297,
        "narHash": "sha256-YPeiGZPeGn3xYNfKSWW04jBne1CUusURvNzZa0sppiY=",
        "owner": "nix-community",
        "repo": "fenix",
        "rev": "8ac023ad0108cae2bacfc7a1cc3f9219e6b4520a",
        "type": "github"
      },
      "original": {
        "owner": "nix-community",
        "repo": "fenix",
        "type": "github"
      }
    },
    "nixpkgs": {
      "locked": {
        "lastModified": 1674958881,
        "narHash": "sha256-p1E20TGSgzs+EUhRPMe6fyZIxUV6CbcwilZEzy+XmAk=",
        "owner": "NixOS",
        "repo": "nixpkgs",
        "rev": "a0feb36dc510bfa8f8809980a8230617fb9eb618",
        "type": "github"
      },
      "original": {
        "owner": "NixOS",
        "ref": "nixpkgs-unstable",
        "repo": "nixpkgs",
        "type": "github"
      }
    },
    "root": {
      "inputs": {
        "fenix": "fenix",
        "nixpkgs": "nixpkgs",
        "utils": "utils"
      }
    },
    "rust-analyzer-src": {
      "flake": false,
      "locked": {
        "lastModified": 1674850341,
        "narHash": "sha256-W8abw+8SuxSMMBH4ydfawdC6zwPHQwhHerFEXkB4oU4=",
        "owner": "rust-lang",
        "repo": "rust-analyzer",
        "rev": "f1b257f4eb4fef74b42fd7135d1cf3884e8b51c9",
        "type": "github"
      },
      "original": {
        "owner": "rust-lang",
        "ref": "nightly",
        "repo": "rust-analyzer",
        "type": "github"
      }
    },
    "utils": {
      "locked": {
        "lastModified": 1667395993,
        "narHash": "sha256-nuEHfE/LcWyuSWnS8t12N1wc105Qtau+/OdUAjtQ0rA=",
        "owner": "numtide",
        "repo": "flake-utils",
        "rev": "5aed5285a952e0b949eb3ba02c12fa4fcfef535f",
        "type": "github"
      },
      "original": {
        "owner": "numtide",
        "repo": "flake-utils",
        "type": "github"
      }
    }
  },
  "root": "root",
  "version": 7
}
